
Microsoft Visual Studio Solution File, Format Version 11.00
# Visual Studio 2010
Project("{FAE04EC0-301F-11D3-BF4B-00C04F79EFBC}") = "lab - 6", "lab - 6\lab - 6.csproj", "{9BD43565-420C-43DF-93A0-7DA9E4093654}"
EndProject
Global
	GlobalSection(SolutionConfigurationPlatforms) = preSolution
		Debug|x86 = Debug|x86
		Release|x86 = Release|x86
	EndGlobalSection
	GlobalSection(ProjectConfigurationPlatforms) = postSolution
		{9BD43565-420C-43DF-93A0-7DA9E4093654}.Debug|x86.ActiveCfg = Debug|x86
		{9BD43565-420C-43DF-93A0-7DA9E4093654}.Debug|x86.Build.0 = Debug|x86
		{9BD43565-420C-43DF-93A0-7DA9E4093654}.Release|x86.ActiveCfg = Release|x86
		{9BD43565-420C-43DF-93A0-7DA9E4093654}.Release|x86.Build.0 = Release|x86
	EndGlobalSection
	GlobalSection(SolutionProperties) = preSolution
		HideSolutionNode = FALSE
	EndGlobalSection
EndGlobal
