
Microsoft Visual Studio Solution File, Format Version 11.00
# Visual Studio 2010
Project("{FAE04EC0-301F-11D3-BF4B-00C04F79EFBC}") = "lab - 4-1- classes", "lab - 4-1- classes\lab - 4-1- classes.csproj", "{E01967E5-FBC8-41B1-BBFE-35D264715885}"
EndProject
Global
	GlobalSection(SolutionConfigurationPlatforms) = preSolution
		Debug|x86 = Debug|x86
		Release|x86 = Release|x86
	EndGlobalSection
	GlobalSection(ProjectConfigurationPlatforms) = postSolution
		{E01967E5-FBC8-41B1-BBFE-35D264715885}.Debug|x86.ActiveCfg = Debug|x86
		{E01967E5-FBC8-41B1-BBFE-35D264715885}.Debug|x86.Build.0 = Debug|x86
		{E01967E5-FBC8-41B1-BBFE-35D264715885}.Release|x86.ActiveCfg = Release|x86
		{E01967E5-FBC8-41B1-BBFE-35D264715885}.Release|x86.Build.0 = Release|x86
	EndGlobalSection
	GlobalSection(SolutionProperties) = preSolution
		HideSolutionNode = FALSE
	EndGlobalSection
EndGlobal
