
Microsoft Visual Studio Solution File, Format Version 11.00
# Visual Studio 2010
Project("{FAE04EC0-301F-11D3-BF4B-00C04F79EFBC}") = "lab-14-struct", "lab-14-struct\lab-14-struct.csproj", "{FD71F64E-35E2-4A04-A887-58A88A54B88B}"
EndProject
Global
	GlobalSection(SolutionConfigurationPlatforms) = preSolution
		Debug|x86 = Debug|x86
		Release|x86 = Release|x86
	EndGlobalSection
	GlobalSection(ProjectConfigurationPlatforms) = postSolution
		{FD71F64E-35E2-4A04-A887-58A88A54B88B}.Debug|x86.ActiveCfg = Debug|x86
		{FD71F64E-35E2-4A04-A887-58A88A54B88B}.Debug|x86.Build.0 = Debug|x86
		{FD71F64E-35E2-4A04-A887-58A88A54B88B}.Release|x86.ActiveCfg = Release|x86
		{FD71F64E-35E2-4A04-A887-58A88A54B88B}.Release|x86.Build.0 = Release|x86
	EndGlobalSection
	GlobalSection(SolutionProperties) = preSolution
		HideSolutionNode = FALSE
	EndGlobalSection
EndGlobal
